
Microsoft Visual Studio Solution File, Format Version 12.00
# Visual Studio Version 17
VisualStudioVersion = 17.7.34031.279
MinimumVisualStudioVersion = 10.0.40219.1
Project("{9A19103F-16F7-4668-BE54-9A1E7A4F7556}") = "ExceptionDemo", "ExceptionDemo\ExceptionDemo.csproj", "{55DAD923-0655-474B-BC16-6D6C68659B34}"
EndProject
Project("{9A19103F-16F7-4668-BE54-9A1E7A4F7556}") = "CustomExceptions", "ClassLib\CustomExceptions.csproj", "{BF6E109E-0814-4A16-B339-278C47BB726B}"
EndProject
Project("{FAE04EC0-301F-11D3-BF4B-00C04F79EFBC}") = "DataLayer", "DataLayer\DataLayer.csproj", "{D8066C50-1E3C-45F1-BACF-13B2F237DFE7}"
EndProject
Global
	GlobalSection(SolutionConfigurationPlatforms) = preSolution
		Debug|Any CPU = Debug|Any CPU
		Release|Any CPU = Release|Any CPU
	EndGlobalSection
	GlobalSection(ProjectConfigurationPlatforms) = postSolution
		{55DAD923-0655-474B-BC16-6D6C68659B34}.Debug|Any CPU.ActiveCfg = Debug|Any CPU
		{55DAD923-0655-474B-BC16-6D6C68659B34}.Debug|Any CPU.Build.0 = Debug|Any CPU
		{55DAD923-0655-474B-BC16-6D6C68659B34}.Release|Any CPU.ActiveCfg = Release|Any CPU
		{55DAD923-0655-474B-BC16-6D6C68659B34}.Release|Any CPU.Build.0 = Release|Any CPU
		{BF6E109E-0814-4A16-B339-278C47BB726B}.Debug|Any CPU.ActiveCfg = Debug|Any CPU
		{BF6E109E-0814-4A16-B339-278C47BB726B}.Debug|Any CPU.Build.0 = Debug|Any CPU
		{BF6E109E-0814-4A16-B339-278C47BB726B}.Release|Any CPU.ActiveCfg = Release|Any CPU
		{BF6E109E-0814-4A16-B339-278C47BB726B}.Release|Any CPU.Build.0 = Release|Any CPU
		{D8066C50-1E3C-45F1-BACF-13B2F237DFE7}.Debug|Any CPU.ActiveCfg = Debug|Any CPU
		{D8066C50-1E3C-45F1-BACF-13B2F237DFE7}.Debug|Any CPU.Build.0 = Debug|Any CPU
		{D8066C50-1E3C-45F1-BACF-13B2F237DFE7}.Release|Any CPU.ActiveCfg = Release|Any CPU
		{D8066C50-1E3C-45F1-BACF-13B2F237DFE7}.Release|Any CPU.Build.0 = Release|Any CPU
	EndGlobalSection
	GlobalSection(SolutionProperties) = preSolution
		HideSolutionNode = FALSE
	EndGlobalSection
	GlobalSection(ExtensibilityGlobals) = postSolution
		SolutionGuid = {DD703FE7-E67D-4218-B383-C745F9A4CD14}
	EndGlobalSection
EndGlobal
